
Microsoft Visual Studio Solution File, Format Version 12.00
# Visual Studio 15
VisualStudioVersion = 15.0.28307.572
MinimumVisualStudioVersion = 10.0.40219.1
Project("{FAE04EC0-301F-11D3-BF4B-00C04F79EFBC}") = "MyProject", "MyProject\MyProject.csproj", "{DD3174B5-072C-47B4-A262-0E05157407CC}"
EndProject
Global
	GlobalSection(SolutionConfigurationPlatforms) = preSolution
		Debug|Any CPU = Debug|Any CPU
		Release|Any CPU = Release|Any CPU
	EndGlobalSection
	GlobalSection(ProjectConfigurationPlatforms) = postSolution
		{DD3174B5-072C-47B4-A262-0E05157407CC}.Debug|Any CPU.ActiveCfg = Debug|Any CPU
		{DD3174B5-072C-47B4-A262-0E05157407CC}.Debug|Any CPU.Build.0 = Debug|Any CPU
		{DD3174B5-072C-47B4-A262-0E05157407CC}.Release|Any CPU.ActiveCfg = Release|Any CPU
		{DD3174B5-072C-47B4-A262-0E05157407CC}.Release|Any CPU.Build.0 = Release|Any CPU
	EndGlobalSection
	GlobalSection(SolutionProperties) = preSolution
		HideSolutionNode = FALSE
	EndGlobalSection
	GlobalSection(ExtensibilityGlobals) = postSolution
		SolutionGuid = {37CC54EF-F5AA-47A0-9063-0B003AC0DA17}
	EndGlobalSection
EndGlobal
